
Microsoft Visual Studio Solution File, Format Version 12.00
# Visual Studio Version 17
VisualStudioVersion = 17.6.33829.357
MinimumVisualStudioVersion = 10.0.40219.1
Project("{FAE04EC0-301F-11D3-BF4B-00C04F79EFBC}") = "ExportDatenFormat", "ExportDatenFormat\ExportDatenFormat.csproj", "{72BE68A9-145B-4EB1-BA3D-787BA0C3F4FA}"
EndProject
Global
	GlobalSection(SolutionConfigurationPlatforms) = preSolution
		Debug|Any CPU = Debug|Any CPU
		Release|Any CPU = Release|Any CPU
	EndGlobalSection
	GlobalSection(ProjectConfigurationPlatforms) = postSolution
		{72BE68A9-145B-4EB1-BA3D-787BA0C3F4FA}.Debug|Any CPU.ActiveCfg = Debug|Any CPU
		{72BE68A9-145B-4EB1-BA3D-787BA0C3F4FA}.Debug|Any CPU.Build.0 = Debug|Any CPU
		{72BE68A9-145B-4EB1-BA3D-787BA0C3F4FA}.Release|Any CPU.ActiveCfg = Release|Any CPU
		{72BE68A9-145B-4EB1-BA3D-787BA0C3F4FA}.Release|Any CPU.Build.0 = Release|Any CPU
	EndGlobalSection
	GlobalSection(SolutionProperties) = preSolution
		HideSolutionNode = FALSE
	EndGlobalSection
	GlobalSection(ExtensibilityGlobals) = postSolution
		SolutionGuid = {0BAEEE60-0AC6-44F2-8E74-6E8789832380}
	EndGlobalSection
EndGlobal
